// !$*UTF8*$!
{
	archiveVersion = 1;
	classes = {
	};
	objectVersion = 46;
	objects = {

/* Begin PBXBuildFile section */
		C042AEB41E8502DB00ABED64 /* Setting.plist in Resources */ = {isa = PBXBuildFile; fileRef = C042AEB31E8502DB00ABED64 /* Setting.plist */; };
		C04FC9D51E8A7A8B00E9361B /* XJLOccupationViewController.swift in Sources */ = {isa = PBXBuildFile; fileRef = C04FC9CF1E8A7A8B00E9361B /* XJLOccupationViewController.swift */; };
		C04FC9D61E8A7A8B00E9361B /* XJLGroupModel.swift in Sources */ = {isa = PBXBuildFile; fileRef = C04FC9D11E8A7A8B00E9361B /* XJLGroupModel.swift */; };
		C04FC9D71E8A7A8B00E9361B /* XJLModel.swift in Sources */ = {isa = PBXBuildFile; fileRef = C04FC9D21E8A7A8B00E9361B /* XJLModel.swift */; };
		C04FC9D81E8A7A8B00E9361B /* XJLHeaderFooterView.swift in Sources */ = {isa = PBXBuildFile; fileRef = C04FC9D41E8A7A8B00E9361B /* XJLHeaderFooterView.swift */; };
		C04FC9F31E8A82F100E9361B /* Array+Extension.swift in Sources */ = {isa = PBXBuildFile; fileRef = C04FC9DB1E8A82F100E9361B /* Array+Extension.swift */; };
		C04FC9F41E8A82F100E9361B /* Date+Extension.swift in Sources */ = {isa = PBXBuildFile; fileRef = C04FC9DC1E8A82F100E9361B /* Date+Extension.swift */; };
		C04FC9F51E8A82F100E9361B /* NSObject+Extension.swift in Sources */ = {isa = PBXBuildFile; fileRef = C04FC9DD1E8A82F100E9361B /* NSObject+Extension.swift */; };
		C04FC9F61E8A82F100E9361B /* String+Extension.swift in Sources */ = {isa = PBXBuildFile; fileRef = C04FC9DE1E8A82F100E9361B /* String+Extension.swift */; };
		C04FC9F71E8A82F100E9361B /* UIAlertView+Extension.swift in Sources */ = {isa = PBXBuildFile; fileRef = C04FC9DF1E8A82F100E9361B /* UIAlertView+Extension.swift */; };
		C04FC9F81E8A82F100E9361B /* UIBUtton+Extension.swift in Sources */ = {isa = PBXBuildFile; fileRef = C04FC9E01E8A82F100E9361B /* UIBUtton+Extension.swift */; };
		C04FC9F91E8A82F100E9361B /* UIColor+Extension.swift in Sources */ = {isa = PBXBuildFile; fileRef = C04FC9E11E8A82F100E9361B /* UIColor+Extension.swift */; };
		C04FC9FA1E8A82F100E9361B /* UIImage+Extension.swift in Sources */ = {isa = PBXBuildFile; fileRef = C04FC9E21E8A82F100E9361B /* UIImage+Extension.swift */; };
		C04FC9FB1E8A82F100E9361B /* UIImageView+Extension.swift in Sources */ = {isa = PBXBuildFile; fileRef = C04FC9E31E8A82F100E9361B /* UIImageView+Extension.swift */; };
		C04FC9FC1E8A82F100E9361B /* UILabel+Extension.swift in Sources */ = {isa = PBXBuildFile; fileRef = C04FC9E41E8A82F100E9361B /* UILabel+Extension.swift */; };
		C04FC9FD1E8A82F100E9361B /* UINavigationBar+Extension.swift in Sources */ = {isa = PBXBuildFile; fileRef = C04FC9E51E8A82F100E9361B /* UINavigationBar+Extension.swift */; };
		C04FC9FE1E8A82F100E9361B /* UIView+Extension.swift in Sources */ = {isa = PBXBuildFile; fileRef = C04FC9E61E8A82F100E9361B /* UIView+Extension.swift */; };
		C04FCA001E8A82F100E9361B /* Constant.swift in Sources */ = {isa = PBXBuildFile; fileRef = C04FC9E81E8A82F100E9361B /* Constant.swift */; };
		C04FCA011E8A82F100E9361B /* CornersLabel.swift in Sources */ = {isa = PBXBuildFile; fileRef = C04FC9EA1E8A82F100E9361B /* CornersLabel.swift */; };
		C04FCA021E8A82F100E9361B /* MGButton.swift in Sources */ = {isa = PBXBuildFile; fileRef = C04FC9EB1E8A82F100E9361B /* MGButton.swift */; };
		C04FCA031E8A82F100E9361B /* MoreButton.swift in Sources */ = {isa = PBXBuildFile; fileRef = C04FC9EC1E8A82F100E9361B /* MoreButton.swift */; };
		C04FCA041E8A82F100E9361B /* ProductTableView.swift in Sources */ = {isa = PBXBuildFile; fileRef = C04FC9ED1E8A82F100E9361B /* ProductTableView.swift */; };
		C04FCA051E8A82F100E9361B /* SqitView.swift in Sources */ = {isa = PBXBuildFile; fileRef = C04FC9EE1E8A82F100E9361B /* SqitView.swift */; };
		C04FCA061E8A82F100E9361B /* TextImageView.swift in Sources */ = {isa = PBXBuildFile; fileRef = C04FC9EF1E8A82F100E9361B /* TextImageView.swift */; };
		C04FCA071E8A82F100E9361B /* TitleButton.swift in Sources */ = {isa = PBXBuildFile; fileRef = C04FC9F01E8A82F100E9361B /* TitleButton.swift */; };
		C07669B31E8E78E600BEEA76 /* MGTableViewController.swift in Sources */ = {isa = PBXBuildFile; fileRef = C07669B11E8E78E600BEEA76 /* MGTableViewController.swift */; };
		C07669B61E8E84B400BEEA76 /* ViewController.swift in Sources */ = {isa = PBXBuildFile; fileRef = C07669B51E8E84B400BEEA76 /* ViewController.swift */; };
		C0827EA01E8147FC008A30D7 /* MGDocumentInteractionVC.swift in Sources */ = {isa = PBXBuildFile; fileRef = C0827E9F1E8147FC008A30D7 /* MGDocumentInteractionVC.swift */; };
		C0827EA31E814D4B008A30D7 /* Swift_Apprentice_v2.0.pdf in Resources */ = {isa = PBXBuildFile; fileRef = C0827EA21E814D4B008A30D7 /* Swift_Apprentice_v2.0.pdf */; };
		C0827EAA1E824DF7008A30D7 /* MGCustomActivity.swift in Sources */ = {isa = PBXBuildFile; fileRef = C0827EA91E824DF7008A30D7 /* MGCustomActivity.swift */; };
		C0827EAF1E826B22008A30D7 /* WeiboActivity.swift in Sources */ = {isa = PBXBuildFile; fileRef = C0827EAB1E826B22008A30D7 /* WeiboActivity.swift */; };
		C0827EB01E826B22008A30D7 /* CopyLinkActivity.swift in Sources */ = {isa = PBXBuildFile; fileRef = C0827EAC1E826B22008A30D7 /* CopyLinkActivity.swift */; };
		C0827EB11E826B22008A30D7 /* WechatSessionActivity.swift in Sources */ = {isa = PBXBuildFile; fileRef = C0827EAD1E826B22008A30D7 /* WechatSessionActivity.swift */; };
		C0827EB21E826B22008A30D7 /* WechatTimelineActivity.swift in Sources */ = {isa = PBXBuildFile; fileRef = C0827EAE1E826B22008A30D7 /* WechatTimelineActivity.swift */; };
		C0827EBC1E829B2B008A30D7 /* ShareViewController.swift in Sources */ = {isa = PBXBuildFile; fileRef = C0827EBB1E829B2B008A30D7 /* ShareViewController.swift */; };
		C0827EBF1E829B2B008A30D7 /* MainInterface.storyboard in Resources */ = {isa = PBXBuildFile; fileRef = C0827EBD1E829B2B008A30D7 /* MainInterface.storyboard */; };
		C0827EC31E829B2B008A30D7 /* MGShareExtension.appex in Embed App Extensions */ = {isa = PBXBuildFile; fileRef = C0827EB91E829B2B008A30D7 /* MGShareExtension.appex */; settings = {ATTRIBUTES = (RemoveHeadersOnCopy, ); }; };
		C0D550721E79117700FFEECC /* libSystem.tbd in Frameworks */ = {isa = PBXBuildFile; fileRef = C0D550711E79117700FFEECC /* libSystem.tbd */; };
		C0D5507D1E7A697E00FFEECC /* SymmetricCryptor.swift in Sources */ = {isa = PBXBuildFile; fileRef = C0D5507C1E7A697E00FFEECC /* SymmetricCryptor.swift */; };
		C0D5507F1E7A69CE00FFEECC /* EncryptViewController.swift in Sources */ = {isa = PBXBuildFile; fileRef = C0D5507E1E7A69CE00FFEECC /* EncryptViewController.swift */; };
		C0D5508C1E7A8BDD00FFEECC /* cars_total.plist in Resources */ = {isa = PBXBuildFile; fileRef = C0D550841E7A8BDD00FFEECC /* cars_total.plist */; };
		C0D5508D1E7A8BDD00FFEECC /* MGIndexView.swift in Sources */ = {isa = PBXBuildFile; fileRef = C0D550861E7A8BDD00FFEECC /* MGIndexView.swift */; };
		C0D5508E1E7A8BDD00FFEECC /* MGCar.swift in Sources */ = {isa = PBXBuildFile; fileRef = C0D550881E7A8BDD00FFEECC /* MGCar.swift */; };
		C0D5508F1E7A8BDD00FFEECC /* MGCarGroup.swift in Sources */ = {isa = PBXBuildFile; fileRef = C0D550891E7A8BDD00FFEECC /* MGCarGroup.swift */; };
		C0D550901E7A8BDD00FFEECC /* IndexViewController.swift in Sources */ = {isa = PBXBuildFile; fileRef = C0D5508B1E7A8BDD00FFEECC /* IndexViewController.swift */; };
		C0D550931E7BAE4000FFEECC /* RunTimeViewController.swift in Sources */ = {isa = PBXBuildFile; fileRef = C0D550921E7BAE4000FFEECC /* RunTimeViewController.swift */; };
		C0D550971E7FAD4300FFEECC /* AESViewController.swift in Sources */ = {isa = PBXBuildFile; fileRef = C0D550961E7FAD4300FFEECC /* AESViewController.swift */; };
		C0D550991E80D47200FFEECC /* NSData+Extension.swift in Sources */ = {isa = PBXBuildFile; fileRef = C0D550981E80D47200FFEECC /* NSData+Extension.swift */; };
		C0F98EC11E7679A500FCA839 /* AppDelegate.swift in Sources */ = {isa = PBXBuildFile; fileRef = C0F98EC01E7679A500FCA839 /* AppDelegate.swift */; };
		C0F98EC61E7679A500FCA839 /* Main.storyboard in Resources */ = {isa = PBXBuildFile; fileRef = C0F98EC41E7679A500FCA839 /* Main.storyboard */; };
		C0F98EC81E7679A500FCA839 /* Assets.xcassets in Resources */ = {isa = PBXBuildFile; fileRef = C0F98EC71E7679A500FCA839 /* Assets.xcassets */; };
		C0F98ECB1E7679A500FCA839 /* LaunchScreen.storyboard in Resources */ = {isa = PBXBuildFile; fileRef = C0F98EC91E7679A500FCA839 /* LaunchScreen.storyboard */; };
		E1C89971062F3F1E46BC24FC /* Pods_indexView.framework in Frameworks */ = {isa = PBXBuildFile; fileRef = 58A8E45A17F3C10E861931A8 /* Pods_indexView.framework */; };
/* End PBXBuildFile section */

/* Begin PBXContainerItemProxy section */
		C0827EC11E829B2B008A30D7 /* PBXContainerItemProxy */ = {
			isa = PBXContainerItemProxy;
			containerPortal = C0F98EB51E7679A500FCA839 /* Project object */;
			proxyType = 1;
			remoteGlobalIDString = C0827EB81E829B2B008A30D7;
			remoteInfo = MGShareExtension;
		};
/* End PBXContainerItemProxy section */

/* Begin PBXCopyFilesBuildPhase section */
		C0827EC71E829B2B008A30D7 /* Embed App Extensions */ = {
			isa = PBXCopyFilesBuildPhase;
			buildActionMask = 2147483647;
			dstPath = "";
			dstSubfolderSpec = 13;
			files = (
				C0827EC31E829B2B008A30D7 /* MGShareExtension.appex in Embed App Extensions */,
			);
			name = "Embed App Extensions";
			runOnlyForDeploymentPostprocessing = 0;
		};
/* End PBXCopyFilesBuildPhase section */

/* Begin PBXFileReference section */
		24A3A7333DC9194A38F3229A /* Pods-indexView.release.xcconfig */ = {isa = PBXFileReference; includeInIndex = 1; lastKnownFileType = text.xcconfig; name = "Pods-indexView.release.xcconfig"; path = "Pods/Target Support Files/Pods-indexView/Pods-indexView.release.xcconfig"; sourceTree = "<group>"; };
		58A8E45A17F3C10E861931A8 /* Pods_indexView.framework */ = {isa = PBXFileReference; explicitFileType = wrapper.framework; includeInIndex = 0; path = Pods_indexView.framework; sourceTree = BUILT_PRODUCTS_DIR; };
		BBEF4B2600D89F6EE906CF50 /* Pods-indexView.debug.xcconfig */ = {isa = PBXFileReference; includeInIndex = 1; lastKnownFileType = text.xcconfig; name = "Pods-indexView.debug.xcconfig"; path = "Pods/Target Support Files/Pods-indexView/Pods-indexView.debug.xcconfig"; sourceTree = "<group>"; };
		C042AEB31E8502DB00ABED64 /* Setting.plist */ = {isa = PBXFileReference; fileEncoding = 4; lastKnownFileType = text.plist.xml; path = Setting.plist; sourceTree = "<group>"; };
		C04FC9CF1E8A7A8B00E9361B /* XJLOccupationViewController.swift */ = {isa = PBXFileReference; fileEncoding = 4; lastKnownFileType = sourcecode.swift; path = XJLOccupationViewController.swift; sourceTree = "<group>"; };
		C04FC9D11E8A7A8B00E9361B /* XJLGroupModel.swift */ = {isa = PBXFileReference; fileEncoding = 4; lastKnownFileType = sourcecode.swift; path = XJLGroupModel.swift; sourceTree = "<group>"; };
		C04FC9D21E8A7A8B00E9361B /* XJLModel.swift */ = {isa = PBXFileReference; fileEncoding = 4; lastKnownFileType = sourcecode.swift; path = XJLModel.swift; sourceTree = "<group>"; };
		C04FC9D41E8A7A8B00E9361B /* XJLHeaderFooterView.swift */ = {isa = PBXFileReference; fileEncoding = 4; lastKnownFileType = sourcecode.swift; path = XJLHeaderFooterView.swift; sourceTree = "<group>"; };
		C04FC9DB1E8A82F100E9361B /* Array+Extension.swift */ = {isa = PBXFileReference; fileEncoding = 4; lastKnownFileType = sourcecode.swift; path = "Array+Extension.swift"; sourceTree = "<group>"; };
		C04FC9DC1E8A82F100E9361B /* Date+Extension.swift */ = {isa = PBXFileReference; fileEncoding = 4; lastKnownFileType = sourcecode.swift; path = "Date+Extension.swift"; sourceTree = "<group>"; };
		C04FC9DD1E8A82F100E9361B /* NSObject+Extension.swift */ = {isa = PBXFileReference; fileEncoding = 4; lastKnownFileType = sourcecode.swift; path = "NSObject+Extension.swift"; sourceTree = "<group>"; };
		C04FC9DE1E8A82F100E9361B /* String+Extension.swift */ = {isa = PBXFileReference; fileEncoding = 4; lastKnownFileType = sourcecode.swift; path = "String+Extension.swift"; sourceTree = "<group>"; };
		C04FC9DF1E8A82F100E9361B /* UIAlertView+Extension.swift */ = {isa = PBXFileReference; fileEncoding = 4; lastKnownFileType = sourcecode.swift; path = "UIAlertView+Extension.swift"; sourceTree = "<group>"; };
		C04FC9E01E8A82F100E9361B /* UIBUtton+Extension.swift */ = {isa = PBXFileReference; fileEncoding = 4; lastKnownFileType = sourcecode.swift; path = "UIBUtton+Extension.swift"; sourceTree = "<group>"; };
		C04FC9E11E8A82F100E9361B /* UIColor+Extension.swift */ = {isa = PBXFileReference; fileEncoding = 4; lastKnownFileType = sourcecode.swift; path = "UIColor+Extension.swift"; sourceTree = "<group>"; };
		C04FC9E21E8A82F100E9361B /* UIImage+Extension.swift */ = {isa = PBXFileReference; fileEncoding = 4; lastKnownFileType = sourcecode.swift; path = "UIImage+Extension.swift"; sourceTree = "<group>"; };
		C04FC9E31E8A82F100E9361B /* UIImageView+Extension.swift */ = {isa = PBXFileReference; fileEncoding = 4; lastKnownFileType = sourcecode.swift; path = "UIImageView+Extension.swift"; sourceTree = "<group>"; };
		C04FC9E41E8A82F100E9361B /* UILabel+Extension.swift */ = {isa = PBXFileReference; fileEncoding = 4; lastKnownFileType = sourcecode.swift; path = "UILabel+Extension.swift"; sourceTree = "<group>"; };
		C04FC9E51E8A82F100E9361B /* UINavigationBar+Extension.swift */ = {isa = PBXFileReference; fileEncoding = 4; lastKnownFileType = sourcecode.swift; path = "UINavigationBar+Extension.swift"; sourceTree = "<group>"; };
		C04FC9E61E8A82F100E9361B /* UIView+Extension.swift */ = {isa = PBXFileReference; fileEncoding = 4; lastKnownFileType = sourcecode.swift; path = "UIView+Extension.swift"; sourceTree = "<group>"; };
		C04FC9E81E8A82F100E9361B /* Constant.swift */ = {isa = PBXFileReference; fileEncoding = 4; lastKnownFileType = sourcecode.swift; path = Constant.swift; sourceTree = "<group>"; };
		C04FC9EA1E8A82F100E9361B /* CornersLabel.swift */ = {isa = PBXFileReference; fileEncoding = 4; lastKnownFileType = sourcecode.swift; path = CornersLabel.swift; sourceTree = "<group>"; };
		C04FC9EB1E8A82F100E9361B /* MGButton.swift */ = {isa = PBXFileReference; fileEncoding = 4; lastKnownFileType = sourcecode.swift; path = MGButton.swift; sourceTree = "<group>"; };
		C04FC9EC1E8A82F100E9361B /* MoreButton.swift */ = {isa = PBXFileReference; fileEncoding = 4; lastKnownFileType = sourcecode.swift; path = MoreButton.swift; sourceTree = "<group>"; };
		C04FC9ED1E8A82F100E9361B /* ProductTableView.swift */ = {isa = PBXFileReference; fileEncoding = 4; lastKnownFileType = sourcecode.swift; path = ProductTableView.swift; sourceTree = "<group>"; };
		C04FC9EE1E8A82F100E9361B /* SqitView.swift */ = {isa = PBXFileReference; fileEncoding = 4; lastKnownFileType = sourcecode.swift; path = SqitView.swift; sourceTree = "<group>"; };
		C04FC9EF1E8A82F100E9361B /* TextImageView.swift */ = {isa = PBXFileReference; fileEncoding = 4; lastKnownFileType = sourcecode.swift; path = TextImageView.swift; sourceTree = "<group>"; };
		C04FC9F01E8A82F100E9361B /* TitleButton.swift */ = {isa = PBXFileReference; fileEncoding = 4; lastKnownFileType = sourcecode.swift; path = TitleButton.swift; sourceTree = "<group>"; };
		C07669B11E8E78E600BEEA76 /* MGTableViewController.swift */ = {isa = PBXFileReference; fileEncoding = 4; lastKnownFileType = sourcecode.swift; path = MGTableViewController.swift; sourceTree = "<group>"; };
		C07669B51E8E84B400BEEA76 /* ViewController.swift */ = {isa = PBXFileReference; fileEncoding = 4; lastKnownFileType = sourcecode.swift; path = ViewController.swift; sourceTree = "<group>"; };
		C0827E9F1E8147FC008A30D7 /* MGDocumentInteractionVC.swift */ = {isa = PBXFileReference; fileEncoding = 4; lastKnownFileType = sourcecode.swift; path = MGDocumentInteractionVC.swift; sourceTree = "<group>"; };
		C0827EA21E814D4B008A30D7 /* Swift_Apprentice_v2.0.pdf */ = {isa = PBXFileReference; lastKnownFileType = image.pdf; path = Swift_Apprentice_v2.0.pdf; sourceTree = "<group>"; };
		C0827EA91E824DF7008A30D7 /* MGCustomActivity.swift */ = {isa = PBXFileReference; fileEncoding = 4; lastKnownFileType = sourcecode.swift; path = MGCustomActivity.swift; sourceTree = "<group>"; };
		C0827EAB1E826B22008A30D7 /* WeiboActivity.swift */ = {isa = PBXFileReference; fileEncoding = 4; lastKnownFileType = sourcecode.swift; path = WeiboActivity.swift; sourceTree = "<group>"; };
		C0827EAC1E826B22008A30D7 /* CopyLinkActivity.swift */ = {isa = PBXFileReference; fileEncoding = 4; lastKnownFileType = sourcecode.swift; path = CopyLinkActivity.swift; sourceTree = "<group>"; };
		C0827EAD1E826B22008A30D7 /* WechatSessionActivity.swift */ = {isa = PBXFileReference; fileEncoding = 4; lastKnownFileType = sourcecode.swift; path = WechatSessionActivity.swift; sourceTree = "<group>"; };
		C0827EAE1E826B22008A30D7 /* WechatTimelineActivity.swift */ = {isa = PBXFileReference; fileEncoding = 4; lastKnownFileType = sourcecode.swift; path = WechatTimelineActivity.swift; sourceTree = "<group>"; };
		C0827EB91E829B2B008A30D7 /* MGShareExtension.appex */ = {isa = PBXFileReference; explicitFileType = "wrapper.app-extension"; includeInIndex = 0; path = MGShareExtension.appex; sourceTree = BUILT_PRODUCTS_DIR; };
		C0827EBB1E829B2B008A30D7 /* ShareViewController.swift */ = {isa = PBXFileReference; lastKnownFileType = sourcecode.swift; path = ShareViewController.swift; sourceTree = "<group>"; };
		C0827EBE1E829B2B008A30D7 /* Base */ = {isa = PBXFileReference; lastKnownFileType = file.storyboard; name = Base; path = Base.lproj/MainInterface.storyboard; sourceTree = "<group>"; };
		C0827EC01E829B2B008A30D7 /* Info.plist */ = {isa = PBXFileReference; lastKnownFileType = text.plist.xml; path = Info.plist; sourceTree = "<group>"; };
		C0D550711E79117700FFEECC /* libSystem.tbd */ = {isa = PBXFileReference; lastKnownFileType = "sourcecode.text-based-dylib-definition"; name = libSystem.tbd; path = usr/lib/libSystem.tbd; sourceTree = SDKROOT; };
		C0D550741E79123300FFEECC /* Header.h */ = {isa = PBXFileReference; fileEncoding = 4; lastKnownFileType = sourcecode.c.h; path = Header.h; sourceTree = "<group>"; };
		C0D5507C1E7A697E00FFEECC /* SymmetricCryptor.swift */ = {isa = PBXFileReference; fileEncoding = 4; lastKnownFileType = sourcecode.swift; path = SymmetricCryptor.swift; sourceTree = "<group>"; };
		C0D5507E1E7A69CE00FFEECC /* EncryptViewController.swift */ = {isa = PBXFileReference; fileEncoding = 4; lastKnownFileType = sourcecode.swift; path = EncryptViewController.swift; sourceTree = "<group>"; };
		C0D550841E7A8BDD00FFEECC /* cars_total.plist */ = {isa = PBXFileReference; fileEncoding = 4; lastKnownFileType = text.plist.xml; path = cars_total.plist; sourceTree = "<group>"; };
		C0D550861E7A8BDD00FFEECC /* MGIndexView.swift */ = {isa = PBXFileReference; fileEncoding = 4; lastKnownFileType = sourcecode.swift; path = MGIndexView.swift; sourceTree = "<group>"; };
		C0D550881E7A8BDD00FFEECC /* MGCar.swift */ = {isa = PBXFileReference; fileEncoding = 4; lastKnownFileType = sourcecode.swift; path = MGCar.swift; sourceTree = "<group>"; };
		C0D550891E7A8BDD00FFEECC /* MGCarGroup.swift */ = {isa = PBXFileReference; fileEncoding = 4; lastKnownFileType = sourcecode.swift; path = MGCarGroup.swift; sourceTree = "<group>"; };
		C0D5508B1E7A8BDD00FFEECC /* IndexViewController.swift */ = {isa = PBXFileReference; fileEncoding = 4; lastKnownFileType = sourcecode.swift; path = IndexViewController.swift; sourceTree = "<group>"; };
		C0D550921E7BAE4000FFEECC /* RunTimeViewController.swift */ = {isa = PBXFileReference; fileEncoding = 4; lastKnownFileType = sourcecode.swift; path = RunTimeViewController.swift; sourceTree = "<group>"; };
		C0D550961E7FAD4300FFEECC /* AESViewController.swift */ = {isa = PBXFileReference; fileEncoding = 4; lastKnownFileType = sourcecode.swift; path = AESViewController.swift; sourceTree = "<group>"; };
		C0D550981E80D47200FFEECC /* NSData+Extension.swift */ = {isa = PBXFileReference; fileEncoding = 4; lastKnownFileType = sourcecode.swift; path = "NSData+Extension.swift"; sourceTree = "<group>"; };
		C0F98EBD1E7679A500FCA839 /* indexView.app */ = {isa = PBXFileReference; explicitFileType = wrapper.application; includeInIndex = 0; path = indexView.app; sourceTree = BUILT_PRODUCTS_DIR; };
		C0F98EC01E7679A500FCA839 /* AppDelegate.swift */ = {isa = PBXFileReference; lastKnownFileType = sourcecode.swift; path = AppDelegate.swift; sourceTree = "<group>"; };
		C0F98EC51E7679A500FCA839 /* Base */ = {isa = PBXFileReference; lastKnownFileType = file.storyboard; name = Base; path = Base.lproj/Main.storyboard; sourceTree = "<group>"; };
		C0F98EC71E7679A500FCA839 /* Assets.xcassets */ = {isa = PBXFileReference; lastKnownFileType = folder.assetcatalog; path = Assets.xcassets; sourceTree = "<group>"; };
		C0F98ECA1E7679A500FCA839 /* Base */ = {isa = PBXFileReference; lastKnownFileType = file.storyboard; name = Base; path = Base.lproj/LaunchScreen.storyboard; sourceTree = "<group>"; };
		C0F98ECC1E7679A500FCA839 /* Info.plist */ = {isa = PBXFileReference; lastKnownFileType = text.plist.xml; path = Info.plist; sourceTree = "<group>"; };
/* End PBXFileReference section */

/* Begin PBXFrameworksBuildPhase section */
		C0827EB61E829B2B008A30D7 /* Frameworks */ = {
			isa = PBXFrameworksBuildPhase;
			buildActionMask = 2147483647;
			files = (
			);
			runOnlyForDeploymentPostprocessing = 0;
		};
		C0F98EBA1E7679A500FCA839 /* Frameworks */ = {
			isa = PBXFrameworksBuildPhase;
			buildActionMask = 2147483647;
			files = (
				C0D550721E79117700FFEECC /* libSystem.tbd in Frameworks */,
				E1C89971062F3F1E46BC24FC /* Pods_indexView.framework in Frameworks */,
			);
			runOnlyForDeploymentPostprocessing = 0;
		};
/* End PBXFrameworksBuildPhase section */

/* Begin PBXGroup section */
		2058D2EDA6C4A11CD47F0AEC /* Pods */ = {
			isa = PBXGroup;
			children = (
				BBEF4B2600D89F6EE906CF50 /* Pods-indexView.debug.xcconfig */,
				24A3A7333DC9194A38F3229A /* Pods-indexView.release.xcconfig */,
			);
			name = Pods;
			sourceTree = "<group>";
		};
		C04FC9C51E8A7A2400E9361B /* TableView的头部展开与折叠 */ = {
			isa = PBXGroup;
			children = (
				C04FC9CE1E8A7A8B00E9361B /* Controller */,
				C04FC9D01E8A7A8B00E9361B /* Model */,
				C04FC9D31E8A7A8B00E9361B /* View */,
			);
			path = "TableView的头部展开与折叠";
			sourceTree = "<group>";
		};
		C04FC9CE1E8A7A8B00E9361B /* Controller */ = {
			isa = PBXGroup;
			children = (
				C04FC9CF1E8A7A8B00E9361B /* XJLOccupationViewController.swift */,
			);
			path = Controller;
			sourceTree = "<group>";
		};
		C04FC9D01E8A7A8B00E9361B /* Model */ = {
			isa = PBXGroup;
			children = (
				C04FC9D11E8A7A8B00E9361B /* XJLGroupModel.swift */,
				C04FC9D21E8A7A8B00E9361B /* XJLModel.swift */,
			);
			path = Model;
			sourceTree = "<group>";
		};
		C04FC9D31E8A7A8B00E9361B /* View */ = {
			isa = PBXGroup;
			children = (
				C04FC9D41E8A7A8B00E9361B /* XJLHeaderFooterView.swift */,
			);
			path = View;
			sourceTree = "<group>";
		};
		C04FC9D91E8A82F100E9361B /* Extesion */ = {
			isa = PBXGroup;
			children = (
				C04FC9DA1E8A82F100E9361B /* Category(扩展) */,
				C04FC9E81E8A82F100E9361B /* Constant.swift */,
				C04FC9E91E8A82F100E9361B /* Inherit(继承) */,
			);
			path = Extesion;
			sourceTree = "<group>";
		};
		C04FC9DA1E8A82F100E9361B /* Category(扩展) */ = {
			isa = PBXGroup;
			children = (
				C04FC9DB1E8A82F100E9361B /* Array+Extension.swift */,
				C04FC9DC1E8A82F100E9361B /* Date+Extension.swift */,
				C04FC9DD1E8A82F100E9361B /* NSObject+Extension.swift */,
				C04FC9DE1E8A82F100E9361B /* String+Extension.swift */,
				C04FC9DF1E8A82F100E9361B /* UIAlertView+Extension.swift */,
				C04FC9E01E8A82F100E9361B /* UIBUtton+Extension.swift */,
				C04FC9E11E8A82F100E9361B /* UIColor+Extension.swift */,
				C04FC9E21E8A82F100E9361B /* UIImage+Extension.swift */,
				C04FC9E31E8A82F100E9361B /* UIImageView+Extension.swift */,
				C04FC9E41E8A82F100E9361B /* UILabel+Extension.swift */,
				C04FC9E51E8A82F100E9361B /* UINavigationBar+Extension.swift */,
				C04FC9E61E8A82F100E9361B /* UIView+Extension.swift */,
			);
			path = "Category(扩展)";
			sourceTree = "<group>";
		};
		C04FC9E91E8A82F100E9361B /* Inherit(继承) */ = {
			isa = PBXGroup;
			children = (
				C04FC9EA1E8A82F100E9361B /* CornersLabel.swift */,
				C04FC9EB1E8A82F100E9361B /* MGButton.swift */,
				C04FC9EC1E8A82F100E9361B /* MoreButton.swift */,
				C04FC9ED1E8A82F100E9361B /* ProductTableView.swift */,
				C04FC9EE1E8A82F100E9361B /* SqitView.swift */,
				C04FC9EF1E8A82F100E9361B /* TextImageView.swift */,
				C04FC9F01E8A82F100E9361B /* TitleButton.swift */,
			);
			path = "Inherit(继承)";
			sourceTree = "<group>";
		};
		C07669AF1E8E78E600BEEA76 /* TableView视觉差 */ = {
			isa = PBXGroup;
			children = (
				C07669B01E8E78E600BEEA76 /* Controller */,
				C07669B21E8E78E600BEEA76 /* View */,
			);
			path = "TableView视觉差";
			sourceTree = "<group>";
		};
		C07669B01E8E78E600BEEA76 /* Controller */ = {
			isa = PBXGroup;
			children = (
				C07669B11E8E78E600BEEA76 /* MGTableViewController.swift */,
			);
			path = Controller;
			sourceTree = "<group>";
		};
		C07669B21E8E78E600BEEA76 /* View */ = {
			isa = PBXGroup;
			children = (
			);
			path = View;
			sourceTree = "<group>";
		};
		C07669B41E8E84AE00BEEA76 /* 音视频采集 */ = {
			isa = PBXGroup;
			children = (
				C07669B51E8E84B400BEEA76 /* ViewController.swift */,
			);
			path = "音视频采集";
			sourceTree = "<group>";
		};
		C0827E9D1E8147A9008A30D7 /* 预览和分享 */ = {
			isa = PBXGroup;
			children = (
				C0827E9E1E8147A9008A30D7 /* 控制器 */,
				C0827EA11E814D44008A30D7 /* Resource */,
				C0827EA81E824DE3008A30D7 /* View */,
			);
			path = "预览和分享";
			sourceTree = "<group>";
		};
		C0827E9E1E8147A9008A30D7 /* 控制器 */ = {
			isa = PBXGroup;
			children = (
				C0827E9F1E8147FC008A30D7 /* MGDocumentInteractionVC.swift */,
			);
			path = "控制器";
			sourceTree = "<group>";
		};
		C0827EA11E814D44008A30D7 /* Resource */ = {
			isa = PBXGroup;
			children = (
				C0827EA21E814D4B008A30D7 /* Swift_Apprentice_v2.0.pdf */,
			);
			path = Resource;
			sourceTree = "<group>";
		};
		C0827EA81E824DE3008A30D7 /* View */ = {
			isa = PBXGroup;
			children = (
				C0827EA91E824DF7008A30D7 /* MGCustomActivity.swift */,
				C0827EAB1E826B22008A30D7 /* WeiboActivity.swift */,
				C0827EAC1E826B22008A30D7 /* CopyLinkActivity.swift */,
				C0827EAD1E826B22008A30D7 /* WechatSessionActivity.swift */,
				C0827EAE1E826B22008A30D7 /* WechatTimelineActivity.swift */,
			);
			path = View;
			sourceTree = "<group>";
		};
		C0827EBA1E829B2B008A30D7 /* MGShareExtension */ = {
			isa = PBXGroup;
			children = (
				C0827EBB1E829B2B008A30D7 /* ShareViewController.swift */,
				C0827EBD1E829B2B008A30D7 /* MainInterface.storyboard */,
				C0827EC01E829B2B008A30D7 /* Info.plist */,
			);
			path = MGShareExtension;
			sourceTree = "<group>";
		};
		C0D550701E79117700FFEECC /* Frameworks */ = {
			isa = PBXGroup;
			children = (
				C0D550711E79117700FFEECC /* libSystem.tbd */,
				58A8E45A17F3C10E861931A8 /* Pods_indexView.framework */,
			);
			name = Frameworks;
			sourceTree = "<group>";
		};
		C0D550781E7A694E00FFEECC /* 加密相关 */ = {
			isa = PBXGroup;
			children = (
				C0D550791E7A694E00FFEECC /* 加密算法 */,
				C0D5507A1E7A694E00FFEECC /* 控制器 */,
			);
			path = "加密相关";
			sourceTree = "<group>";
		};
		C0D550791E7A694E00FFEECC /* 加密算法 */ = {
			isa = PBXGroup;
			children = (
				C0D5507B1E7A697E00FFEECC /* 加密 */,
			);
			path = "加密算法";
			sourceTree = "<group>";
		};
		C0D5507A1E7A694E00FFEECC /* 控制器 */ = {
			isa = PBXGroup;
			children = (
				C0D5507E1E7A69CE00FFEECC /* EncryptViewController.swift */,
				C0D550961E7FAD4300FFEECC /* AESViewController.swift */,
			);
			path = "控制器";
			sourceTree = "<group>";
		};
		C0D5507B1E7A697E00FFEECC /* 加密 */ = {
			isa = PBXGroup;
			children = (
				C0D5507C1E7A697E00FFEECC /* SymmetricCryptor.swift */,
				C0D550981E80D47200FFEECC /* NSData+Extension.swift */,
			);
			path = "加密";
			sourceTree = "<group>";
		};
		C0D550831E7A8BDD00FFEECC /* 索引条 */ = {
			isa = PBXGroup;
			children = (
				C0D550841E7A8BDD00FFEECC /* cars_total.plist */,
				C0D550851E7A8BDD00FFEECC /* MGIndexView */,
				C0D550871E7A8BDD00FFEECC /* Model */,
				C0D5508A1E7A8BDD00FFEECC /* 控制器 */,
			);
			path = "索引条";
			sourceTree = "<group>";
		};
		C0D550851E7A8BDD00FFEECC /* MGIndexView */ = {
			isa = PBXGroup;
			children = (
				C0D550861E7A8BDD00FFEECC /* MGIndexView.swift */,
			);
			path = MGIndexView;
			sourceTree = "<group>";
		};
		C0D550871E7A8BDD00FFEECC /* Model */ = {
			isa = PBXGroup;
			children = (
				C0D550881E7A8BDD00FFEECC /* MGCar.swift */,
				C0D550891E7A8BDD00FFEECC /* MGCarGroup.swift */,
			);
			path = Model;
			sourceTree = "<group>";
		};
		C0D5508A1E7A8BDD00FFEECC /* 控制器 */ = {
			isa = PBXGroup;
			children = (
				C0D5508B1E7A8BDD00FFEECC /* IndexViewController.swift */,
			);
			path = "控制器";
			sourceTree = "<group>";
		};
		C0D550911E7BAE2100FFEECC /* Runtime */ = {
			isa = PBXGroup;
			children = (
				C0D550921E7BAE4000FFEECC /* RunTimeViewController.swift */,
			);
			path = Runtime;
			sourceTree = "<group>";
		};
		C0F98EB41E7679A500FCA839 = {
			isa = PBXGroup;
			children = (
				C0F98EBF1E7679A500FCA839 /* indexView */,
				C04FC9D91E8A82F100E9361B /* Extesion */,
				C0827EBA1E829B2B008A30D7 /* MGShareExtension */,
				C0F98EBE1E7679A500FCA839 /* Products */,
				C0D550701E79117700FFEECC /* Frameworks */,
				2058D2EDA6C4A11CD47F0AEC /* Pods */,
			);
			sourceTree = "<group>";
		};
		C0F98EBE1E7679A500FCA839 /* Products */ = {
			isa = PBXGroup;
			children = (
				C0F98EBD1E7679A500FCA839 /* indexView.app */,
				C0827EB91E829B2B008A30D7 /* MGShareExtension.appex */,
			);
			name = Products;
			sourceTree = "<group>";
		};
		C0F98EBF1E7679A500FCA839 /* indexView */ = {
			isa = PBXGroup;
			children = (
				C0D550831E7A8BDD00FFEECC /* 索引条 */,
				C0D550781E7A694E00FFEECC /* 加密相关 */,
				C0D550911E7BAE2100FFEECC /* Runtime */,
				C0827E9D1E8147A9008A30D7 /* 预览和分享 */,
				C04FC9C51E8A7A2400E9361B /* TableView的头部展开与折叠 */,
				C07669AF1E8E78E600BEEA76 /* TableView视觉差 */,
				C07669B41E8E84AE00BEEA76 /* 音视频采集 */,
				C0F98EC01E7679A500FCA839 /* AppDelegate.swift */,
				C0F98EC41E7679A500FCA839 /* Main.storyboard */,
				C0F98EC71E7679A500FCA839 /* Assets.xcassets */,
				C0F98EC91E7679A500FCA839 /* LaunchScreen.storyboard */,
				C0F98ECC1E7679A500FCA839 /* Info.plist */,
				C0D550741E79123300FFEECC /* Header.h */,
				C042AEB31E8502DB00ABED64 /* Setting.plist */,
			);
			path = indexView;
			sourceTree = "<group>";
		};
/* End PBXGroup section */

/* Begin PBXNativeTarget section */
		C0827EB81E829B2B008A30D7 /* MGShareExtension */ = {
			isa = PBXNativeTarget;
			buildConfigurationList = C0827EC41E829B2B008A30D7 /* Build configuration list for PBXNativeTarget "MGShareExtension" */;
			buildPhases = (
				C0827EB51E829B2B008A30D7 /* Sources */,
				C0827EB61E829B2B008A30D7 /* Frameworks */,
				C0827EB71E829B2B008A30D7 /* Resources */,
			);
			buildRules = (
			);
			dependencies = (
			);
			name = MGShareExtension;
			productName = MGShareExtension;
			productReference = C0827EB91E829B2B008A30D7 /* MGShareExtension.appex */;
			productType = "com.apple.product-type.app-extension";
		};
		C0F98EBC1E7679A500FCA839 /* indexView */ = {
			isa = PBXNativeTarget;
			buildConfigurationList = C0F98ECF1E7679A500FCA839 /* Build configuration list for PBXNativeTarget "indexView" */;
			buildPhases = (
				AFEE8B027BF2C32925B134F8 /* [CP] Check Pods Manifest.lock */,
				C0F98EB91E7679A500FCA839 /* Sources */,
				C0F98EBA1E7679A500FCA839 /* Frameworks */,
				C0F98EBB1E7679A500FCA839 /* Resources */,
				C0827EC71E829B2B008A30D7 /* Embed App Extensions */,
				21C55D01E7F8352925DB04FC /* [CP] Embed Pods Frameworks */,
				2CD2F5C92BDD10489360E909 /* [CP] Copy Pods Resources */,
			);
			buildRules = (
			);
			dependencies = (
				C0827EC21E829B2B008A30D7 /* PBXTargetDependency */,
			);
			name = indexView;
			productName = indexView;
			productReference = C0F98EBD1E7679A500FCA839 /* indexView.app */;
			productType = "com.apple.product-type.application";
		};
/* End PBXNativeTarget section */

/* Begin PBXProject section */
		C0F98EB51E7679A500FCA839 /* Project object */ = {
			isa = PBXProject;
			attributes = {
				LastSwiftUpdateCheck = 0800;
				LastUpgradeCheck = 0800;
				ORGANIZATIONNAME = "i-Techsys";
				TargetAttributes = {
					C0827EB81E829B2B008A30D7 = {
						CreatedOnToolsVersion = 8.0;
						DevelopmentTeam = H54L47S422;
						ProvisioningStyle = Automatic;
					};
					C0F98EBC1E7679A500FCA839 = {
						CreatedOnToolsVersion = 8.0;
						DevelopmentTeam = H54L47S422;
						ProvisioningStyle = Automatic;
					};
				};
			};
			buildConfigurationList = C0F98EB81E7679A500FCA839 /* Build configuration list for PBXProject "indexView" */;
			compatibilityVersion = "Xcode 3.2";
			developmentRegion = English;
			hasScannedForEncodings = 0;
			knownRegions = (
				en,
				Base,
			);
			mainGroup = C0F98EB41E7679A500FCA839;
			productRefGroup = C0F98EBE1E7679A500FCA839 /* Products */;
			projectDirPath = "";
			projectRoot = "";
			targets = (
				C0F98EBC1E7679A500FCA839 /* indexView */,
				C0827EB81E829B2B008A30D7 /* MGShareExtension */,
			);
		};
/* End PBXProject section */

/* Begin PBXResourcesBuildPhase section */
		C0827EB71E829B2B008A30D7 /* Resources */ = {
			isa = PBXResourcesBuildPhase;
			buildActionMask = 2147483647;
			files = (
				C0827EBF1E829B2B008A30D7 /* MainInterface.storyboard in Resources */,
			);
			runOnlyForDeploymentPostprocessing = 0;
		};
		C0F98EBB1E7679A500FCA839 /* Resources */ = {
			isa = PBXResourcesBuildPhase;
			buildActionMask = 2147483647;
			files = (
				C0D5508C1E7A8BDD00FFEECC /* cars_total.plist in Resources */,
				C0F98ECB1E7679A500FCA839 /* LaunchScreen.storyboard in Resources */,
				C0827EA31E814D4B008A30D7 /* Swift_Apprentice_v2.0.pdf in Resources */,
				C0F98EC81E7679A500FCA839 /* Assets.xcassets in Resources */,
				C0F98EC61E7679A500FCA839 /* Main.storyboard in Resources */,
				C042AEB41E8502DB00ABED64 /* Setting.plist in Resources */,
			);
			runOnlyForDeploymentPostprocessing = 0;
		};
/* End PBXResourcesBuildPhase section */

/* Begin PBXShellScriptBuildPhase section */
		21C55D01E7F8352925DB04FC /* [CP] Embed Pods Frameworks */ = {
			isa = PBXShellScriptBuildPhase;
			buildActionMask = 2147483647;
			files = (
			);
			inputPaths = (
			);
			name = "[CP] Embed Pods Frameworks";
			outputPaths = (
			);
			runOnlyForDeploymentPostprocessing = 0;
			shellPath = /bin/sh;
			shellScript = "\"${SRCROOT}/Pods/Target Support Files/Pods-indexView/Pods-indexView-frameworks.sh\"\n";
			showEnvVarsInLog = 0;
		};
		2CD2F5C92BDD10489360E909 /* [CP] Copy Pods Resources */ = {
			isa = PBXShellScriptBuildPhase;
			buildActionMask = 2147483647;
			files = (
			);
			inputPaths = (
			);
			name = "[CP] Copy Pods Resources";
			outputPaths = (
			);
			runOnlyForDeploymentPostprocessing = 0;
			shellPath = /bin/sh;
			shellScript = "\"${SRCROOT}/Pods/Target Support Files/Pods-indexView/Pods-indexView-resources.sh\"\n";
			showEnvVarsInLog = 0;
		};
		AFEE8B027BF2C32925B134F8 /* [CP] Check Pods Manifest.lock */ = {
			isa = PBXShellScriptBuildPhase;
			buildActionMask = 2147483647;
			files = (
			);
			inputPaths = (
			);
			name = "[CP] Check Pods Manifest.lock";
			outputPaths = (
			);
			runOnlyForDeploymentPostprocessing = 0;
			shellPath = /bin/sh;
			shellScript = "diff \"${PODS_ROOT}/../Podfile.lock\" \"${PODS_ROOT}/Manifest.lock\" > /dev/null\nif [ $? != 0 ] ; then\n    # print error to STDERR\n    echo \"error: The sandbox is not in sync with the Podfile.lock. Run 'pod install' or update your CocoaPods installation.\" >&2\n    exit 1\nfi\n";
			showEnvVarsInLog = 0;
		};
/* End PBXShellScriptBuildPhase section */

/* Begin PBXSourcesBuildPhase section */
		C0827EB51E829B2B008A30D7 /* Sources */ = {
			isa = PBXSourcesBuildPhase;
			buildActionMask = 2147483647;
			files = (
				C0827EBC1E829B2B008A30D7 /* ShareViewController.swift in Sources */,
			);
			runOnlyForDeploymentPostprocessing = 0;
		};
		C0F98EB91E7679A500FCA839 /* Sources */ = {
			isa = PBXSourcesBuildPhase;
			buildActionMask = 2147483647;
			files = (
				C04FC9FE1E8A82F100E9361B /* UIView+Extension.swift in Sources */,
				C04FC9FB1E8A82F100E9361B /* UIImageView+Extension.swift in Sources */,
				C0D5507F1E7A69CE00FFEECC /* EncryptViewController.swift in Sources */,
				C0827EAA1E824DF7008A30D7 /* MGCustomActivity.swift in Sources */,
				C04FCA061E8A82F100E9361B /* TextImageView.swift in Sources */,
				C04FC9D81E8A7A8B00E9361B /* XJLHeaderFooterView.swift in Sources */,
				C04FCA031E8A82F100E9361B /* MoreButton.swift in Sources */,
				C04FC9F31E8A82F100E9361B /* Array+Extension.swift in Sources */,
				C07669B31E8E78E600BEEA76 /* MGTableViewController.swift in Sources */,
				C04FCA001E8A82F100E9361B /* Constant.swift in Sources */,
				C04FC9FD1E8A82F100E9361B /* UINavigationBar+Extension.swift in Sources */,
				C0D550971E7FAD4300FFEECC /* AESViewController.swift in Sources */,
				C04FC9D51E8A7A8B00E9361B /* XJLOccupationViewController.swift in Sources */,
				C04FC9F41E8A82F100E9361B /* Date+Extension.swift in Sources */,
				C04FC9F91E8A82F100E9361B /* UIColor+Extension.swift in Sources */,
				C04FCA011E8A82F100E9361B /* CornersLabel.swift in Sources */,
				C0827EB11E826B22008A30D7 /* WechatSessionActivity.swift in Sources */,
				C04FC9F61E8A82F100E9361B /* String+Extension.swift in Sources */,
				C07669B61E8E84B400BEEA76 /* ViewController.swift in Sources */,
				C0D550991E80D47200FFEECC /* NSData+Extension.swift in Sources */,
				C0827EA01E8147FC008A30D7 /* MGDocumentInteractionVC.swift in Sources */,
				C0D550931E7BAE4000FFEECC /* RunTimeViewController.swift in Sources */,
				C04FC9F51E8A82F100E9361B /* NSObject+Extension.swift in Sources */,
				C04FCA051E8A82F100E9361B /* SqitView.swift in Sources */,
				C04FCA041E8A82F100E9361B /* ProductTableView.swift in Sources */,
				C0827EB21E826B22008A30D7 /* WechatTimelineActivity.swift in Sources */,
				C0D5508E1E7A8BDD00FFEECC /* MGCar.swift in Sources */,
				C0D5507D1E7A697E00FFEECC /* SymmetricCryptor.swift in Sources */,
				C04FC9D61E8A7A8B00E9361B /* XJLGroupModel.swift in Sources */,
				C04FCA071E8A82F100E9361B /* TitleButton.swift in Sources */,
				C04FC9F71E8A82F100E9361B /* UIAlertView+Extension.swift in Sources */,
				C0D550901E7A8BDD00FFEECC /* IndexViewController.swift in Sources */,
				C04FC9D71E8A7A8B00E9361B /* XJLModel.swift in Sources */,
				C04FCA021E8A82F100E9361B /* MGButton.swift in Sources */,
				C0827EB01E826B22008A30D7 /* CopyLinkActivity.swift in Sources */,
				C04FC9FA1E8A82F100E9361B /* UIImage+Extension.swift in Sources */,
				C0D5508F1E7A8BDD00FFEECC /* MGCarGroup.swift in Sources */,
				C0D5508D1E7A8BDD00FFEECC /* MGIndexView.swift in Sources */,
				C0F98EC11E7679A500FCA839 /* AppDelegate.swift in Sources */,
				C04FC9FC1E8A82F100E9361B /* UILabel+Extension.swift in Sources */,
				C0827EAF1E826B22008A30D7 /* WeiboActivity.swift in Sources */,
				C04FC9F81E8A82F100E9361B /* UIBUtton+Extension.swift in Sources */,
			);
			runOnlyForDeploymentPostprocessing = 0;
		};
/* End PBXSourcesBuildPhase section */

/* Begin PBXTargetDependency section */
		C0827EC21E829B2B008A30D7 /* PBXTargetDependency */ = {
			isa = PBXTargetDependency;
			target = C0827EB81E829B2B008A30D7 /* MGShareExtension */;
			targetProxy = C0827EC11E829B2B008A30D7 /* PBXContainerItemProxy */;
		};
/* End PBXTargetDependency section */

/* Begin PBXVariantGroup section */
		C0827EBD1E829B2B008A30D7 /* MainInterface.storyboard */ = {
			isa = PBXVariantGroup;
			children = (
				C0827EBE1E829B2B008A30D7 /* Base */,
			);
			name = MainInterface.storyboard;
			sourceTree = "<group>";
		};
		C0F98EC41E7679A500FCA839 /* Main.storyboard */ = {
			isa = PBXVariantGroup;
			children = (
				C0F98EC51E7679A500FCA839 /* Base */,
			);
			name = Main.storyboard;
			sourceTree = "<group>";
		};
		C0F98EC91E7679A500FCA839 /* LaunchScreen.storyboard */ = {
			isa = PBXVariantGroup;
			children = (
				C0F98ECA1E7679A500FCA839 /* Base */,
			);
			name = LaunchScreen.storyboard;
			sourceTree = "<group>";
		};
/* End PBXVariantGroup section */

/* Begin XCBuildConfiguration section */
		C0827EC51E829B2B008A30D7 /* Debug */ = {
			isa = XCBuildConfiguration;
			buildSettings = {
				DEVELOPMENT_TEAM = H54L47S422;
				INFOPLIST_FILE = MGShareExtension/Info.plist;
				LD_RUNPATH_SEARCH_PATHS = "$(inherited) @executable_path/Frameworks @executable_path/../../Frameworks";
				PRODUCT_BUNDLE_IDENTIFIER = "i-Techsys.com.indexView.MGShareExtension";
				PRODUCT_NAME = "$(TARGET_NAME)";
				SKIP_INSTALL = YES;
				SWIFT_VERSION = 3.0;
			};
			name = Debug;
		};
		C0827EC61E829B2B008A30D7 /* Release */ = {
			isa = XCBuildConfiguration;
			buildSettings = {
				DEVELOPMENT_TEAM = H54L47S422;
				INFOPLIST_FILE = MGShareExtension/Info.plist;
				LD_RUNPATH_SEARCH_PATHS = "$(inherited) @executable_path/Frameworks @executable_path/../../Frameworks";
				PRODUCT_BUNDLE_IDENTIFIER = "i-Techsys.com.indexView.MGShareExtension";
				PRODUCT_NAME = "$(TARGET_NAME)";
				SKIP_INSTALL = YES;
				SWIFT_VERSION = 3.0;
			};
			name = Release;
		};
		C0F98ECD1E7679A500FCA839 /* Debug */ = {
			isa = XCBuildConfiguration;
			buildSettings = {
				ALWAYS_SEARCH_USER_PATHS = NO;
				CLANG_ANALYZER_NONNULL = YES;
				CLANG_CXX_LANGUAGE_STANDARD = "gnu++0x";
				CLANG_CXX_LIBRARY = "libc++";
				CLANG_ENABLE_MODULES = YES;
				CLANG_ENABLE_OBJC_ARC = YES;
				CLANG_WARN_BOOL_CONVERSION = YES;
				CLANG_WARN_CONSTANT_CONVERSION = YES;
				CLANG_WARN_DIRECT_OBJC_ISA_USAGE = YES_ERROR;
				CLANG_WARN_DOCUMENTATION_COMMENTS = YES;
				CLANG_WARN_EMPTY_BODY = YES;
				CLANG_WARN_ENUM_CONVERSION = YES;
				CLANG_WARN_INFINITE_RECURSION = YES;
				CLANG_WARN_INT_CONVERSION = YES;
				CLANG_WARN_OBJC_ROOT_CLASS = YES_ERROR;
				CLANG_WARN_SUSPICIOUS_MOVES = YES;
				CLANG_WARN_UNREACHABLE_CODE = YES;
				CLANG_WARN__DUPLICATE_METHOD_MATCH = YES;
				"CODE_SIGN_IDENTITY[sdk=iphoneos*]" = "iPhone Developer";
				COPY_PHASE_STRIP = NO;
				DEBUG_INFORMATION_FORMAT = dwarf;
				ENABLE_STRICT_OBJC_MSGSEND = YES;
				ENABLE_TESTABILITY = YES;
				GCC_C_LANGUAGE_STANDARD = gnu99;
				GCC_DYNAMIC_NO_PIC = NO;
				GCC_NO_COMMON_BLOCKS = YES;
				GCC_OPTIMIZATION_LEVEL = 0;
				GCC_PREPROCESSOR_DEFINITIONS = (
					"DEBUG=1",
					"$(inherited)",
				);
				GCC_WARN_64_TO_32_BIT_CONVERSION = YES;
				GCC_WARN_ABOUT_RETURN_TYPE = YES_ERROR;
				GCC_WARN_UNDECLARED_SELECTOR = YES;
				GCC_WARN_UNINITIALIZED_AUTOS = YES_AGGRESSIVE;
				GCC_WARN_UNUSED_FUNCTION = YES;
				GCC_WARN_UNUSED_VARIABLE = YES;
				IPHONEOS_DEPLOYMENT_TARGET = 10.0;
				MTL_ENABLE_DEBUG_INFO = YES;
				ONLY_ACTIVE_ARCH = YES;
				SDKROOT = iphoneos;
				SWIFT_ACTIVE_COMPILATION_CONDITIONS = DEBUG;
				SWIFT_OPTIMIZATION_LEVEL = "-Onone";
			};
			name = Debug;
		};
		C0F98ECE1E7679A500FCA839 /* Release */ = {
			isa = XCBuildConfiguration;
			buildSettings = {
				ALWAYS_SEARCH_USER_PATHS = NO;
				CLANG_ANALYZER_NONNULL = YES;
				CLANG_CXX_LANGUAGE_STANDARD = "gnu++0x";
				CLANG_CXX_LIBRARY = "libc++";
				CLANG_ENABLE_MODULES = YES;
				CLANG_ENABLE_OBJC_ARC = YES;
				CLANG_WARN_BOOL_CONVERSION = YES;
				CLANG_WARN_CONSTANT_CONVERSION = YES;
				CLANG_WARN_DIRECT_OBJC_ISA_USAGE = YES_ERROR;
				CLANG_WARN_DOCUMENTATION_COMMENTS = YES;
				CLANG_WARN_EMPTY_BODY = YES;
				CLANG_WARN_ENUM_CONVERSION = YES;
				CLANG_WARN_INFINITE_RECURSION = YES;
				CLANG_WARN_INT_CONVERSION = YES;
				CLANG_WARN_OBJC_ROOT_CLASS = YES_ERROR;
				CLANG_WARN_SUSPICIOUS_MOVES = YES;
				CLANG_WARN_UNREACHABLE_CODE = YES;
				CLANG_WARN__DUPLICATE_METHOD_MATCH = YES;
				"CODE_SIGN_IDENTITY[sdk=iphoneos*]" = "iPhone Developer";
				COPY_PHASE_STRIP = NO;
				DEBUG_INFORMATION_FORMAT = "dwarf-with-dsym";
				ENABLE_NS_ASSERTIONS = NO;
				ENABLE_STRICT_OBJC_MSGSEND = YES;
				GCC_C_LANGUAGE_STANDARD = gnu99;
				GCC_NO_COMMON_BLOCKS = YES;
				GCC_WARN_64_TO_32_BIT_CONVERSION = YES;
				GCC_WARN_ABOUT_RETURN_TYPE = YES_ERROR;
				GCC_WARN_UNDECLARED_SELECTOR = YES;
				GCC_WARN_UNINITIALIZED_AUTOS = YES_AGGRESSIVE;
				GCC_WARN_UNUSED_FUNCTION = YES;
				GCC_WARN_UNUSED_VARIABLE = YES;
				IPHONEOS_DEPLOYMENT_TARGET = 10.0;
				MTL_ENABLE_DEBUG_INFO = NO;
				SDKROOT = iphoneos;
				SWIFT_OPTIMIZATION_LEVEL = "-Owholemodule";
				VALIDATE_PRODUCT = YES;
			};
			name = Release;
		};
		C0F98ED01E7679A500FCA839 /* Debug */ = {
			isa = XCBuildConfiguration;
			baseConfigurationReference = BBEF4B2600D89F6EE906CF50 /* Pods-indexView.debug.xcconfig */;
			buildSettings = {
				ALWAYS_EMBED_SWIFT_STANDARD_LIBRARIES = YES;
				ASSETCATALOG_COMPILER_APPICON_NAME = AppIcon;
				DEVELOPMENT_TEAM = H54L47S422;
				INFOPLIST_FILE = indexView/Info.plist;
				IPHONEOS_DEPLOYMENT_TARGET = 8.3;
				LD_RUNPATH_SEARCH_PATHS = "$(inherited) @executable_path/Frameworks";
				PRODUCT_BUNDLE_IDENTIFIER = "i-Techsys.com.indexView";
				PRODUCT_NAME = "$(TARGET_NAME)";
				SWIFT_OBJC_BRIDGING_HEADER = $SRCROOT/IndexView/Header.h;
				SWIFT_VERSION = 3.0;
			};
			name = Debug;
		};
		C0F98ED11E7679A500FCA839 /* Release */ = {
			isa = XCBuildConfiguration;
			baseConfigurationReference = 24A3A7333DC9194A38F3229A /* Pods-indexView.release.xcconfig */;
			buildSettings = {
				ALWAYS_EMBED_SWIFT_STANDARD_LIBRARIES = YES;
				ASSETCATALOG_COMPILER_APPICON_NAME = AppIcon;
				DEVELOPMENT_TEAM = H54L47S422;
				INFOPLIST_FILE = indexView/Info.plist;
				IPHONEOS_DEPLOYMENT_TARGET = 8.3;
				LD_RUNPATH_SEARCH_PATHS = "$(inherited) @executable_path/Frameworks";
				PRODUCT_BUNDLE_IDENTIFIER = "i-Techsys.com.indexView";
				PRODUCT_NAME = "$(TARGET_NAME)";
				SWIFT_OBJC_BRIDGING_HEADER = $SRCROOT/IndexView/Header.h;
				SWIFT_VERSION = 3.0;
			};
			name = Release;
		};
/* End XCBuildConfiguration section */

/* Begin XCConfigurationList section */
		C0827EC41E829B2B008A30D7 /* Build configuration list for PBXNativeTarget "MGShareExtension" */ = {
			isa = XCConfigurationList;
			buildConfigurations = (
				C0827EC51E829B2B008A30D7 /* Debug */,
				C0827EC61E829B2B008A30D7 /* Release */,
			);
			defaultConfigurationIsVisible = 0;
			defaultConfigurationName = Release;
		};
		C0F98EB81E7679A500FCA839 /* Build configuration list for PBXProject "indexView" */ = {
			isa = XCConfigurationList;
			buildConfigurations = (
				C0F98ECD1E7679A500FCA839 /* Debug */,
				C0F98ECE1E7679A500FCA839 /* Release */,
			);
			defaultConfigurationIsVisible = 0;
			defaultConfigurationName = Release;
		};
		C0F98ECF1E7679A500FCA839 /* Build configuration list for PBXNativeTarget "indexView" */ = {
			isa = XCConfigurationList;
			buildConfigurations = (
				C0F98ED01E7679A500FCA839 /* Debug */,
				C0F98ED11E7679A500FCA839 /* Release */,
			);
			defaultConfigurationIsVisible = 0;
			defaultConfigurationName = Release;
		};
/* End XCConfigurationList section */
	};
	rootObject = C0F98EB51E7679A500FCA839 /* Project object */;
}
