PODS:
  - Alamofire (4.8.2)
  - HandyJSON (5.0.0)
  - Kingfisher (5.7.0)
  - MJExtension (3.0.17)
  - SkeletonView (1.7)
  - SnapKit (5.0.0)
  - SVProgressHUD (2.2.5)
  - SwiftyJSON (4.2.0)

DEPENDENCIES:
  - Alamofire
  - HandyJSON (~> 5.0.0)
  - Kingfisher
  - MJExtension
  - SkeletonView
  - SnapKit
  - SVProgressHUD
  - SwiftyJSON (~> 4.2.0)

SPEC REPOS:
  https://github.com/cocoapods/specs.git:
    - Alamofire
    - HandyJSON
    - Kingfisher
    - MJExtension
    - SkeletonView
    - SnapKit
    - SVProgressHUD
    - SwiftyJSON

SPEC CHECKSUMS:
  Alamofire: ae5c501addb7afdbb13687d7f2f722c78734c2d3
  HandyJSON: 992f2d661716d6a91de82d0056927bc7813b5770
  Kingfisher: c7d211b54f1f30d8060aadab177d52b4349c825b
  MJExtension: 74ec83124a68891619fb7ba9c5c811bbf1691076
  SkeletonView: 7d7378731b708f8a6e6b1ffefb68cc3903f10a03
  SnapKit: fd22d10eb9aff484d79a8724eab922c1ddf89bcf
  SVProgressHUD: 1428aafac632c1f86f62aa4243ec12008d7a51d6
  SwiftyJSON: c4bcba26dd9ec7a027fc8eade48e2c911f229e96

PODFILE CHECKSUM: a726c79d9d65edb1fe2c4b0abb5b1f237d3cbbff

COCOAPODS: 1.7.0.rc.1
